
Microsoft Visual Studio Solution File, Format Version 12.00
# Visual Studio 15
VisualStudioVersion = 15.0.27703.2047
MinimumVisualStudioVersion = 10.0.40219.1
Project("{FAE04EC0-301F-11D3-BF4B-00C04F79EFBC}") = "sprint1 testing", "sprint1 testing\sprint1 testing.csproj", "{9C62B9B1-D5D3-4A36-AE77-493CD73BA87A}"
EndProject
Project("{FAE04EC0-301F-11D3-BF4B-00C04F79EFBC}") = "sprint1 testing.Tests", "sprint1 testing.Tests\sprint1 testing.Tests.csproj", "{D9CCDAB0-169C-45DE-AE63-AA0BED3063DB}"
EndProject
Global
	GlobalSection(SolutionConfigurationPlatforms) = preSolution
		Debug|Any CPU = Debug|Any CPU
		Release|Any CPU = Release|Any CPU
	EndGlobalSection
	GlobalSection(ProjectConfigurationPlatforms) = postSolution
		{9C62B9B1-D5D3-4A36-AE77-493CD73BA87A}.Debug|Any CPU.ActiveCfg = Debug|Any CPU
		{9C62B9B1-D5D3-4A36-AE77-493CD73BA87A}.Debug|Any CPU.Build.0 = Debug|Any CPU
		{9C62B9B1-D5D3-4A36-AE77-493CD73BA87A}.Release|Any CPU.ActiveCfg = Release|Any CPU
		{9C62B9B1-D5D3-4A36-AE77-493CD73BA87A}.Release|Any CPU.Build.0 = Release|Any CPU
		{D9CCDAB0-169C-45DE-AE63-AA0BED3063DB}.Debug|Any CPU.ActiveCfg = Debug|Any CPU
		{D9CCDAB0-169C-45DE-AE63-AA0BED3063DB}.Debug|Any CPU.Build.0 = Debug|Any CPU
		{D9CCDAB0-169C-45DE-AE63-AA0BED3063DB}.Release|Any CPU.ActiveCfg = Release|Any CPU
		{D9CCDAB0-169C-45DE-AE63-AA0BED3063DB}.Release|Any CPU.Build.0 = Release|Any CPU
	EndGlobalSection
	GlobalSection(SolutionProperties) = preSolution
		HideSolutionNode = FALSE
	EndGlobalSection
	GlobalSection(ExtensibilityGlobals) = postSolution
		SolutionGuid = {B3C37DE3-DFED-47E1-85BF-570350F7A0DC}
	EndGlobalSection
EndGlobal
